
Microsoft Visual Studio Solution File, Format Version 12.00
# Visual Studio Express 2012 for Windows Desktop
Project("{FAE04EC0-301F-11D3-BF4B-00C04F79EFBC}") = "EmguColorThresholdTester", "EmguColorThresholdTester\EmguColorThresholdTester.csproj", "{2356BC0C-134D-41A0-969F-2162BD3CBD82}"
EndProject
Global
	GlobalSection(SolutionConfigurationPlatforms) = preSolution
		Debug|Any CPU = Debug|Any CPU
		Release|Any CPU = Release|Any CPU
	EndGlobalSection
	GlobalSection(ProjectConfigurationPlatforms) = postSolution
		{2356BC0C-134D-41A0-969F-2162BD3CBD82}.Debug|Any CPU.ActiveCfg = Debug|Any CPU
		{2356BC0C-134D-41A0-969F-2162BD3CBD82}.Debug|Any CPU.Build.0 = Debug|Any CPU
		{2356BC0C-134D-41A0-969F-2162BD3CBD82}.Release|Any CPU.ActiveCfg = Release|Any CPU
		{2356BC0C-134D-41A0-969F-2162BD3CBD82}.Release|Any CPU.Build.0 = Release|Any CPU
	EndGlobalSection
	GlobalSection(SolutionProperties) = preSolution
		HideSolutionNode = FALSE
	EndGlobalSection
EndGlobal
